
Microsoft Visual Studio Solution File, Format Version 12.00
# Visual Studio Version 17
VisualStudioVersion = 17.7.34202.233
MinimumVisualStudioVersion = 10.0.40219.1
Project("{FAE04EC0-301F-11D3-BF4B-00C04F79EFBC}") = "mvc project", "mvc project.csproj", "{87206C43-D3C4-4A17-9B86-A8ACC62521A5}"
EndProject
Global
	GlobalSection(SolutionConfigurationPlatforms) = preSolution
		Debug|Any CPU = Debug|Any CPU
		Release|Any CPU = Release|Any CPU
	EndGlobalSection
	GlobalSection(ProjectConfigurationPlatforms) = postSolution
		{87206C43-D3C4-4A17-9B86-A8ACC62521A5}.Debug|Any CPU.ActiveCfg = Debug|Any CPU
		{87206C43-D3C4-4A17-9B86-A8ACC62521A5}.Debug|Any CPU.Build.0 = Debug|Any CPU
		{87206C43-D3C4-4A17-9B86-A8ACC62521A5}.Release|Any CPU.ActiveCfg = Release|Any CPU
		{87206C43-D3C4-4A17-9B86-A8ACC62521A5}.Release|Any CPU.Build.0 = Release|Any CPU
	EndGlobalSection
	GlobalSection(SolutionProperties) = preSolution
		HideSolutionNode = FALSE
	EndGlobalSection
	GlobalSection(ExtensibilityGlobals) = postSolution
		SolutionGuid = {C0B88AB8-733C-468A-9380-A714C35F4A10}
	EndGlobalSection
EndGlobal
